
Microsoft Visual Studio Solution File, Format Version 12.00
# Visual Studio 14
VisualStudioVersion = 14.0.24720.0
MinimumVisualStudioVersion = 10.0.40219.1
Project("{FAE04EC0-301F-11D3-BF4B-00C04F79EFBC}") = "Qt5ProjectLib", "QtProjectLib\Qt5ProjectLib.csproj", "{2785D082-CE93-4097-BF45-072083A53261}"
EndProject
Project("{FAE04EC0-301F-11D3-BF4B-00C04F79EFBC}") = "Qt5ProjectEngineLib", "QtProjectEngine\Qt5ProjectEngineLib.csproj", "{ACDEBCAC-B50B-4045-A769-D222F0195B0C}"
EndProject
Project("{FAE04EC0-301F-11D3-BF4B-00C04F79EFBC}") = "Qt5Package", "QtPackage\Qt5Package.csproj", "{2AE597C4-822C-42BB-873D-8C067529C5E9}"
	ProjectSection(ProjectDependencies) = postProject
		{5FAEAD6F-F9E7-3F5B-BC40-8FFDFEBBFB7B} = {5FAEAD6F-F9E7-3F5B-BC40-8FFDFEBBFB7B}
		{D7914D8C-DE5E-4E8A-A5C7-3E81FD0208E6} = {D7914D8C-DE5E-4E8A-A5C7-3E81FD0208E6}
		{8912C798-8484-48FC-9880-366F9E58963B} = {8912C798-8484-48FC-9880-366F9E58963B}
		{A62C41E7-0886-30DD-AE74-FA61B36566F0} = {A62C41E7-0886-30DD-AE74-FA61B36566F0}
	EndProjectSection
EndProject
Project("{8BC9CEB8-8B4A-11D0-8D11-00A0C91BC942}") = "qmakefilereader", "qmakefilereader\qmakefilereader.vcxproj", "{5FAEAD6F-F9E7-3F5B-BC40-8FFDFEBBFB7B}"
EndProject
Project("{8BC9CEB8-8B4A-11D0-8D11-00A0C91BC942}") = "qrceditor", "qrceditor\qrceditor.vcxproj", "{A62C41E7-0886-30DD-AE74-FA61B36566F0}"
EndProject
Project("{FAE04EC0-301F-11D3-BF4B-00C04F79EFBC}") = "qt5appwrapper", "qtappwrapper\qt5appwrapper.csproj", "{D7914D8C-DE5E-4E8A-A5C7-3E81FD0208E6}"
EndProject
Project("{FAE04EC0-301F-11D3-BF4B-00C04F79EFBC}") = "regtemplate", "regtemplate\regtemplate.csproj", "{8912C798-8484-48FC-9880-366F9E58963B}"
EndProject
Project("{FAE04EC0-301F-11D3-BF4B-00C04F79EFBC}") = "QtClassTemplate", "QtClassTemplate\QtClassTemplate.csproj", "{B8AD7562-5965-4FB7-8605-93E77ACDAFB1}"
EndProject
Project("{FAE04EC0-301F-11D3-BF4B-00C04F79EFBC}") = "QtProjectTemplate", "QtProjectTemplate\QtProjectTemplate.csproj", "{E96D6053-8284-4221-B850-196A0E3C4E42}"
EndProject
Project("{FAE04EC0-301F-11D3-BF4B-00C04F79EFBC}") = "QtResourceTemplate", "QtResourceTemplate\QtResourceTemplate.csproj", "{4D8F822E-5479-40A3-88FF-E217BFFA3605}"
EndProject
Project("{FAE04EC0-301F-11D3-BF4B-00C04F79EFBC}") = "QtFormTemplate", "QtFormTemplate\QtFormTemplate.csproj", "{10FD5882-1C8B-4254-9A53-A1337F580A7E}"
EndProject
Project("{FAE04EC0-301F-11D3-BF4B-00C04F79EFBC}") = "QtWizard", "QtWizard\QtWizard.csproj", "{919E757B-5472-46E3-98F1-FA6CD662FD76}"
EndProject
Global
	GlobalSection(SolutionConfigurationPlatforms) = preSolution
		Debug|Any CPU = Debug|Any CPU
		Debug|Mixed Platforms = Debug|Mixed Platforms
		Debug|Win32 = Debug|Win32
		Debug|x64 = Debug|x64
		Debug|x86 = Debug|x86
		Release (2002)|Any CPU = Release (2002)|Any CPU
		Release (2002)|Mixed Platforms = Release (2002)|Mixed Platforms
		Release (2002)|Win32 = Release (2002)|Win32
		Release (2002)|x64 = Release (2002)|x64
		Release (2002)|x86 = Release (2002)|x86
		Release (2003)|Any CPU = Release (2003)|Any CPU
		Release (2003)|Mixed Platforms = Release (2003)|Mixed Platforms
		Release (2003)|Win32 = Release (2003)|Win32
		Release (2003)|x64 = Release (2003)|x64
		Release (2003)|x86 = Release (2003)|x86
		Release|Any CPU = Release|Any CPU
		Release|Mixed Platforms = Release|Mixed Platforms
		Release|Win32 = Release|Win32
		Release|x64 = Release|x64
		Release|x86 = Release|x86
	EndGlobalSection
	GlobalSection(ProjectConfigurationPlatforms) = postSolution
		{2785D082-CE93-4097-BF45-072083A53261}.Debug|Any CPU.ActiveCfg = Debug|Any CPU
		{2785D082-CE93-4097-BF45-072083A53261}.Debug|Any CPU.Build.0 = Debug|Any CPU
		{2785D082-CE93-4097-BF45-072083A53261}.Debug|Mixed Platforms.ActiveCfg = Debug|Any CPU
		{2785D082-CE93-4097-BF45-072083A53261}.Debug|Mixed Platforms.Build.0 = Debug|Any CPU
		{2785D082-CE93-4097-BF45-072083A53261}.Debug|Win32.ActiveCfg = Debug|Any CPU
		{2785D082-CE93-4097-BF45-072083A53261}.Debug|x64.ActiveCfg = Debug|Any CPU
		{2785D082-CE93-4097-BF45-072083A53261}.Debug|x86.ActiveCfg = Debug|Any CPU
		{2785D082-CE93-4097-BF45-072083A53261}.Release (2002)|Any CPU.ActiveCfg = Release|Any CPU
		{2785D082-CE93-4097-BF45-072083A53261}.Release (2002)|Any CPU.Build.0 = Release|Any CPU
		{2785D082-CE93-4097-BF45-072083A53261}.Release (2002)|Mixed Platforms.ActiveCfg = Release|Any CPU
		{2785D082-CE93-4097-BF45-072083A53261}.Release (2002)|Mixed Platforms.Build.0 = Release|Any CPU
		{2785D082-CE93-4097-BF45-072083A53261}.Release (2002)|Win32.ActiveCfg = Release|Any CPU
		{2785D082-CE93-4097-BF45-072083A53261}.Release (2002)|Win32.Build.0 = Release|Any CPU
		{2785D082-CE93-4097-BF45-072083A53261}.Release (2002)|x64.ActiveCfg = Release|Any CPU
		{2785D082-CE93-4097-BF45-072083A53261}.Release (2002)|x86.ActiveCfg = Release|Any CPU
		{2785D082-CE93-4097-BF45-072083A53261}.Release (2003)|Any CPU.ActiveCfg = Release|Any CPU
		{2785D082-CE93-4097-BF45-072083A53261}.Release (2003)|Any CPU.Build.0 = Release|Any CPU
		{2785D082-CE93-4097-BF45-072083A53261}.Release (2003)|Mixed Platforms.ActiveCfg = Release|Any CPU
		{2785D082-CE93-4097-BF45-072083A53261}.Release (2003)|Mixed Platforms.Build.0 = Release|Any CPU
		{2785D082-CE93-4097-BF45-072083A53261}.Release (2003)|Win32.ActiveCfg = Release|Any CPU
		{2785D082-CE93-4097-BF45-072083A53261}.Release (2003)|Win32.Build.0 = Release|Any CPU
		{2785D082-CE93-4097-BF45-072083A53261}.Release (2003)|x64.ActiveCfg = Release|Any CPU
		{2785D082-CE93-4097-BF45-072083A53261}.Release (2003)|x86.ActiveCfg = Release|Any CPU
		{2785D082-CE93-4097-BF45-072083A53261}.Release|Any CPU.ActiveCfg = Release|Any CPU
		{2785D082-CE93-4097-BF45-072083A53261}.Release|Any CPU.Build.0 = Release|Any CPU
		{2785D082-CE93-4097-BF45-072083A53261}.Release|Mixed Platforms.ActiveCfg = Release|Any CPU
		{2785D082-CE93-4097-BF45-072083A53261}.Release|Mixed Platforms.Build.0 = Release|Any CPU
		{2785D082-CE93-4097-BF45-072083A53261}.Release|Win32.ActiveCfg = Release|Any CPU
		{2785D082-CE93-4097-BF45-072083A53261}.Release|x64.ActiveCfg = Release|Any CPU
		{2785D082-CE93-4097-BF45-072083A53261}.Release|x86.ActiveCfg = Release|Any CPU
		{ACDEBCAC-B50B-4045-A769-D222F0195B0C}.Debug|Any CPU.ActiveCfg = Release|Any CPU
		{ACDEBCAC-B50B-4045-A769-D222F0195B0C}.Debug|Any CPU.Build.0 = Release|Any CPU
		{ACDEBCAC-B50B-4045-A769-D222F0195B0C}.Debug|Mixed Platforms.ActiveCfg = Debug|Any CPU
		{ACDEBCAC-B50B-4045-A769-D222F0195B0C}.Debug|Mixed Platforms.Build.0 = Debug|Any CPU
		{ACDEBCAC-B50B-4045-A769-D222F0195B0C}.Debug|Win32.ActiveCfg = Debug|Any CPU
		{ACDEBCAC-B50B-4045-A769-D222F0195B0C}.Debug|x64.ActiveCfg = Debug|Any CPU
		{ACDEBCAC-B50B-4045-A769-D222F0195B0C}.Debug|x86.ActiveCfg = Debug|Any CPU
		{ACDEBCAC-B50B-4045-A769-D222F0195B0C}.Release (2002)|Any CPU.ActiveCfg = Release (2002)|Any CPU
		{ACDEBCAC-B50B-4045-A769-D222F0195B0C}.Release (2002)|Any CPU.Build.0 = Release (2002)|Any CPU
		{ACDEBCAC-B50B-4045-A769-D222F0195B0C}.Release (2002)|Mixed Platforms.ActiveCfg = Release (2002)|Any CPU
		{ACDEBCAC-B50B-4045-A769-D222F0195B0C}.Release (2002)|Mixed Platforms.Build.0 = Release (2002)|Any CPU
		{ACDEBCAC-B50B-4045-A769-D222F0195B0C}.Release (2002)|Win32.ActiveCfg = Release (2002)|Any CPU
		{ACDEBCAC-B50B-4045-A769-D222F0195B0C}.Release (2002)|Win32.Build.0 = Release (2002)|Any CPU
		{ACDEBCAC-B50B-4045-A769-D222F0195B0C}.Release (2002)|x64.ActiveCfg = Release (2002)|Any CPU
		{ACDEBCAC-B50B-4045-A769-D222F0195B0C}.Release (2002)|x86.ActiveCfg = Release (2002)|Any CPU
		{ACDEBCAC-B50B-4045-A769-D222F0195B0C}.Release (2003)|Any CPU.ActiveCfg = Release (2003)|Any CPU
		{ACDEBCAC-B50B-4045-A769-D222F0195B0C}.Release (2003)|Any CPU.Build.0 = Release (2003)|Any CPU
		{ACDEBCAC-B50B-4045-A769-D222F0195B0C}.Release (2003)|Mixed Platforms.ActiveCfg = Release (2003)|Any CPU
		{ACDEBCAC-B50B-4045-A769-D222F0195B0C}.Release (2003)|Mixed Platforms.Build.0 = Release (2003)|Any CPU
		{ACDEBCAC-B50B-4045-A769-D222F0195B0C}.Release (2003)|Win32.ActiveCfg = Release (2003)|Any CPU
		{ACDEBCAC-B50B-4045-A769-D222F0195B0C}.Release (2003)|Win32.Build.0 = Release (2003)|Any CPU
		{ACDEBCAC-B50B-4045-A769-D222F0195B0C}.Release (2003)|x64.ActiveCfg = Release (2003)|Any CPU
		{ACDEBCAC-B50B-4045-A769-D222F0195B0C}.Release (2003)|x86.ActiveCfg = Release (2003)|Any CPU
		{ACDEBCAC-B50B-4045-A769-D222F0195B0C}.Release|Any CPU.ActiveCfg = Release|Any CPU
		{ACDEBCAC-B50B-4045-A769-D222F0195B0C}.Release|Any CPU.Build.0 = Release|Any CPU
		{ACDEBCAC-B50B-4045-A769-D222F0195B0C}.Release|Mixed Platforms.ActiveCfg = Release|Any CPU
		{ACDEBCAC-B50B-4045-A769-D222F0195B0C}.Release|Mixed Platforms.Build.0 = Release|Any CPU
		{ACDEBCAC-B50B-4045-A769-D222F0195B0C}.Release|Win32.ActiveCfg = Release|Any CPU
		{ACDEBCAC-B50B-4045-A769-D222F0195B0C}.Release|x64.ActiveCfg = Release|Any CPU
		{ACDEBCAC-B50B-4045-A769-D222F0195B0C}.Release|x86.ActiveCfg = Release|Any CPU
		{2AE597C4-822C-42BB-873D-8C067529C5E9}.Debug|Any CPU.ActiveCfg = Debug|Any CPU
		{2AE597C4-822C-42BB-873D-8C067529C5E9}.Debug|Any CPU.Build.0 = Debug|Any CPU
		{2AE597C4-822C-42BB-873D-8C067529C5E9}.Debug|Mixed Platforms.ActiveCfg = Debug|Any CPU
		{2AE597C4-822C-42BB-873D-8C067529C5E9}.Debug|Mixed Platforms.Build.0 = Debug|Any CPU
		{2AE597C4-822C-42BB-873D-8C067529C5E9}.Debug|Win32.ActiveCfg = Debug|Any CPU
		{2AE597C4-822C-42BB-873D-8C067529C5E9}.Debug|Win32.Build.0 = Debug|Any CPU
		{2AE597C4-822C-42BB-873D-8C067529C5E9}.Debug|x64.ActiveCfg = Debug|Any CPU
		{2AE597C4-822C-42BB-873D-8C067529C5E9}.Debug|x86.ActiveCfg = Debug|Any CPU
		{2AE597C4-822C-42BB-873D-8C067529C5E9}.Release (2002)|Any CPU.ActiveCfg = Release|Any CPU
		{2AE597C4-822C-42BB-873D-8C067529C5E9}.Release (2002)|Any CPU.Build.0 = Release|Any CPU
		{2AE597C4-822C-42BB-873D-8C067529C5E9}.Release (2002)|Mixed Platforms.ActiveCfg = Release|Any CPU
		{2AE597C4-822C-42BB-873D-8C067529C5E9}.Release (2002)|Mixed Platforms.Build.0 = Release|Any CPU
		{2AE597C4-822C-42BB-873D-8C067529C5E9}.Release (2002)|Win32.ActiveCfg = Release|Any CPU
		{2AE597C4-822C-42BB-873D-8C067529C5E9}.Release (2002)|Win32.Build.0 = Release|Any CPU
		{2AE597C4-822C-42BB-873D-8C067529C5E9}.Release (2002)|x64.ActiveCfg = Release|Any CPU
		{2AE597C4-822C-42BB-873D-8C067529C5E9}.Release (2002)|x86.ActiveCfg = Release|Any CPU
		{2AE597C4-822C-42BB-873D-8C067529C5E9}.Release (2003)|Any CPU.ActiveCfg = Release|Any CPU
		{2AE597C4-822C-42BB-873D-8C067529C5E9}.Release (2003)|Any CPU.Build.0 = Release|Any CPU
		{2AE597C4-822C-42BB-873D-8C067529C5E9}.Release (2003)|Mixed Platforms.ActiveCfg = Release|Any CPU
		{2AE597C4-822C-42BB-873D-8C067529C5E9}.Release (2003)|Mixed Platforms.Build.0 = Release|Any CPU
		{2AE597C4-822C-42BB-873D-8C067529C5E9}.Release (2003)|Win32.ActiveCfg = Release|Any CPU
		{2AE597C4-822C-42BB-873D-8C067529C5E9}.Release (2003)|Win32.Build.0 = Release|Any CPU
		{2AE597C4-822C-42BB-873D-8C067529C5E9}.Release (2003)|x64.ActiveCfg = Release|Any CPU
		{2AE597C4-822C-42BB-873D-8C067529C5E9}.Release (2003)|x86.ActiveCfg = Release|Any CPU
		{2AE597C4-822C-42BB-873D-8C067529C5E9}.Release|Any CPU.ActiveCfg = Release|Any CPU
		{2AE597C4-822C-42BB-873D-8C067529C5E9}.Release|Any CPU.Build.0 = Release|Any CPU
		{2AE597C4-822C-42BB-873D-8C067529C5E9}.Release|Mixed Platforms.ActiveCfg = Release|Any CPU
		{2AE597C4-822C-42BB-873D-8C067529C5E9}.Release|Mixed Platforms.Build.0 = Release|Any CPU
		{2AE597C4-822C-42BB-873D-8C067529C5E9}.Release|Win32.ActiveCfg = Release|Any CPU
		{2AE597C4-822C-42BB-873D-8C067529C5E9}.Release|Win32.Build.0 = Release|Any CPU
		{2AE597C4-822C-42BB-873D-8C067529C5E9}.Release|x64.ActiveCfg = Release|Any CPU
		{2AE597C4-822C-42BB-873D-8C067529C5E9}.Release|x86.ActiveCfg = Release|Any CPU
		{5FAEAD6F-F9E7-3F5B-BC40-8FFDFEBBFB7B}.Debug|Any CPU.ActiveCfg = Debug|Win32
		{5FAEAD6F-F9E7-3F5B-BC40-8FFDFEBBFB7B}.Debug|Mixed Platforms.ActiveCfg = Debug|Win32
		{5FAEAD6F-F9E7-3F5B-BC40-8FFDFEBBFB7B}.Debug|Mixed Platforms.Build.0 = Debug|Win32
		{5FAEAD6F-F9E7-3F5B-BC40-8FFDFEBBFB7B}.Debug|Win32.ActiveCfg = Debug|Win32
		{5FAEAD6F-F9E7-3F5B-BC40-8FFDFEBBFB7B}.Debug|Win32.Build.0 = Debug|Win32
		{5FAEAD6F-F9E7-3F5B-BC40-8FFDFEBBFB7B}.Debug|x64.ActiveCfg = Debug|Win32
		{5FAEAD6F-F9E7-3F5B-BC40-8FFDFEBBFB7B}.Debug|x86.ActiveCfg = Debug|Win32
		{5FAEAD6F-F9E7-3F5B-BC40-8FFDFEBBFB7B}.Release (2002)|Any CPU.ActiveCfg = Release|Win32
		{5FAEAD6F-F9E7-3F5B-BC40-8FFDFEBBFB7B}.Release (2002)|Any CPU.Build.0 = Release|Win32
		{5FAEAD6F-F9E7-3F5B-BC40-8FFDFEBBFB7B}.Release (2002)|Mixed Platforms.ActiveCfg = Release|Win32
		{5FAEAD6F-F9E7-3F5B-BC40-8FFDFEBBFB7B}.Release (2002)|Mixed Platforms.Build.0 = Release|Win32
		{5FAEAD6F-F9E7-3F5B-BC40-8FFDFEBBFB7B}.Release (2002)|Win32.ActiveCfg = Release|Win32
		{5FAEAD6F-F9E7-3F5B-BC40-8FFDFEBBFB7B}.Release (2002)|Win32.Build.0 = Release|Win32
		{5FAEAD6F-F9E7-3F5B-BC40-8FFDFEBBFB7B}.Release (2002)|x64.ActiveCfg = Release|Win32
		{5FAEAD6F-F9E7-3F5B-BC40-8FFDFEBBFB7B}.Release (2002)|x86.ActiveCfg = Release|Win32
		{5FAEAD6F-F9E7-3F5B-BC40-8FFDFEBBFB7B}.Release (2003)|Any CPU.ActiveCfg = Release|Win32
		{5FAEAD6F-F9E7-3F5B-BC40-8FFDFEBBFB7B}.Release (2003)|Any CPU.Build.0 = Release|Win32
		{5FAEAD6F-F9E7-3F5B-BC40-8FFDFEBBFB7B}.Release (2003)|Mixed Platforms.ActiveCfg = Release|Win32
		{5FAEAD6F-F9E7-3F5B-BC40-8FFDFEBBFB7B}.Release (2003)|Mixed Platforms.Build.0 = Release|Win32
		{5FAEAD6F-F9E7-3F5B-BC40-8FFDFEBBFB7B}.Release (2003)|Win32.ActiveCfg = Release|Win32
		{5FAEAD6F-F9E7-3F5B-BC40-8FFDFEBBFB7B}.Release (2003)|Win32.Build.0 = Release|Win32
		{5FAEAD6F-F9E7-3F5B-BC40-8FFDFEBBFB7B}.Release (2003)|x64.ActiveCfg = Release|Win32
		{5FAEAD6F-F9E7-3F5B-BC40-8FFDFEBBFB7B}.Release (2003)|x86.ActiveCfg = Release|Win32
		{5FAEAD6F-F9E7-3F5B-BC40-8FFDFEBBFB7B}.Release|Any CPU.ActiveCfg = Release|Win32
		{5FAEAD6F-F9E7-3F5B-BC40-8FFDFEBBFB7B}.Release|Any CPU.Build.0 = Release|Win32
		{5FAEAD6F-F9E7-3F5B-BC40-8FFDFEBBFB7B}.Release|Mixed Platforms.ActiveCfg = Release|Win32
		{5FAEAD6F-F9E7-3F5B-BC40-8FFDFEBBFB7B}.Release|Mixed Platforms.Build.0 = Release|Win32
		{5FAEAD6F-F9E7-3F5B-BC40-8FFDFEBBFB7B}.Release|Win32.ActiveCfg = Release|Win32
		{5FAEAD6F-F9E7-3F5B-BC40-8FFDFEBBFB7B}.Release|Win32.Build.0 = Release|Win32
		{5FAEAD6F-F9E7-3F5B-BC40-8FFDFEBBFB7B}.Release|x64.ActiveCfg = Release|Win32
		{5FAEAD6F-F9E7-3F5B-BC40-8FFDFEBBFB7B}.Release|x86.ActiveCfg = Release|Win32
		{A62C41E7-0886-30DD-AE74-FA61B36566F0}.Debug|Any CPU.ActiveCfg = Debug|Win32
		{A62C41E7-0886-30DD-AE74-FA61B36566F0}.Debug|Mixed Platforms.ActiveCfg = Debug|Win32
		{A62C41E7-0886-30DD-AE74-FA61B36566F0}.Debug|Mixed Platforms.Build.0 = Debug|Win32
		{A62C41E7-0886-30DD-AE74-FA61B36566F0}.Debug|Win32.ActiveCfg = Debug|Win32
		{A62C41E7-0886-30DD-AE74-FA61B36566F0}.Debug|Win32.Build.0 = Debug|Win32
		{A62C41E7-0886-30DD-AE74-FA61B36566F0}.Debug|x64.ActiveCfg = Debug|Win32
		{A62C41E7-0886-30DD-AE74-FA61B36566F0}.Debug|x86.ActiveCfg = Debug|Win32
		{A62C41E7-0886-30DD-AE74-FA61B36566F0}.Release (2002)|Any CPU.ActiveCfg = Release|Win32
		{A62C41E7-0886-30DD-AE74-FA61B36566F0}.Release (2002)|Any CPU.Build.0 = Release|Win32
		{A62C41E7-0886-30DD-AE74-FA61B36566F0}.Release (2002)|Mixed Platforms.ActiveCfg = Release|Win32
		{A62C41E7-0886-30DD-AE74-FA61B36566F0}.Release (2002)|Mixed Platforms.Build.0 = Release|Win32
		{A62C41E7-0886-30DD-AE74-FA61B36566F0}.Release (2002)|Win32.ActiveCfg = Release|Win32
		{A62C41E7-0886-30DD-AE74-FA61B36566F0}.Release (2002)|Win32.Build.0 = Release|Win32
		{A62C41E7-0886-30DD-AE74-FA61B36566F0}.Release (2002)|x64.ActiveCfg = Release|Win32
		{A62C41E7-0886-30DD-AE74-FA61B36566F0}.Release (2002)|x86.ActiveCfg = Release|Win32
		{A62C41E7-0886-30DD-AE74-FA61B36566F0}.Release (2003)|Any CPU.ActiveCfg = Release|Win32
		{A62C41E7-0886-30DD-AE74-FA61B36566F0}.Release (2003)|Any CPU.Build.0 = Release|Win32
		{A62C41E7-0886-30DD-AE74-FA61B36566F0}.Release (2003)|Mixed Platforms.ActiveCfg = Release|Win32
		{A62C41E7-0886-30DD-AE74-FA61B36566F0}.Release (2003)|Mixed Platforms.Build.0 = Release|Win32
		{A62C41E7-0886-30DD-AE74-FA61B36566F0}.Release (2003)|Win32.ActiveCfg = Release|Win32
		{A62C41E7-0886-30DD-AE74-FA61B36566F0}.Release (2003)|Win32.Build.0 = Release|Win32
		{A62C41E7-0886-30DD-AE74-FA61B36566F0}.Release (2003)|x64.ActiveCfg = Release|Win32
		{A62C41E7-0886-30DD-AE74-FA61B36566F0}.Release (2003)|x86.ActiveCfg = Release|Win32
		{A62C41E7-0886-30DD-AE74-FA61B36566F0}.Release|Any CPU.ActiveCfg = Release|Win32
		{A62C41E7-0886-30DD-AE74-FA61B36566F0}.Release|Any CPU.Build.0 = Release|Win32
		{A62C41E7-0886-30DD-AE74-FA61B36566F0}.Release|Mixed Platforms.ActiveCfg = Release|Win32
		{A62C41E7-0886-30DD-AE74-FA61B36566F0}.Release|Mixed Platforms.Build.0 = Release|Win32
		{A62C41E7-0886-30DD-AE74-FA61B36566F0}.Release|Win32.ActiveCfg = Release|Win32
		{A62C41E7-0886-30DD-AE74-FA61B36566F0}.Release|Win32.Build.0 = Release|Win32
		{A62C41E7-0886-30DD-AE74-FA61B36566F0}.Release|x64.ActiveCfg = Release|Win32
		{A62C41E7-0886-30DD-AE74-FA61B36566F0}.Release|x86.ActiveCfg = Release|Win32
		{D7914D8C-DE5E-4E8A-A5C7-3E81FD0208E6}.Debug|Any CPU.ActiveCfg = Debug|Any CPU
		{D7914D8C-DE5E-4E8A-A5C7-3E81FD0208E6}.Debug|Any CPU.Build.0 = Debug|Any CPU
		{D7914D8C-DE5E-4E8A-A5C7-3E81FD0208E6}.Debug|Mixed Platforms.ActiveCfg = Debug|Any CPU
		{D7914D8C-DE5E-4E8A-A5C7-3E81FD0208E6}.Debug|Mixed Platforms.Build.0 = Debug|Any CPU
		{D7914D8C-DE5E-4E8A-A5C7-3E81FD0208E6}.Debug|Win32.ActiveCfg = Debug|Any CPU
		{D7914D8C-DE5E-4E8A-A5C7-3E81FD0208E6}.Debug|Win32.Build.0 = Debug|Any CPU
		{D7914D8C-DE5E-4E8A-A5C7-3E81FD0208E6}.Debug|x64.ActiveCfg = Debug|Any CPU
		{D7914D8C-DE5E-4E8A-A5C7-3E81FD0208E6}.Debug|x86.ActiveCfg = Debug|Any CPU
		{D7914D8C-DE5E-4E8A-A5C7-3E81FD0208E6}.Release (2002)|Any CPU.ActiveCfg = Release|Any CPU
		{D7914D8C-DE5E-4E8A-A5C7-3E81FD0208E6}.Release (2002)|Any CPU.Build.0 = Release|Any CPU
		{D7914D8C-DE5E-4E8A-A5C7-3E81FD0208E6}.Release (2002)|Mixed Platforms.ActiveCfg = Release|Any CPU
		{D7914D8C-DE5E-4E8A-A5C7-3E81FD0208E6}.Release (2002)|Mixed Platforms.Build.0 = Release|Any CPU
		{D7914D8C-DE5E-4E8A-A5C7-3E81FD0208E6}.Release (2002)|Win32.ActiveCfg = Release|Any CPU
		{D7914D8C-DE5E-4E8A-A5C7-3E81FD0208E6}.Release (2002)|Win32.Build.0 = Release|Any CPU
		{D7914D8C-DE5E-4E8A-A5C7-3E81FD0208E6}.Release (2002)|x64.ActiveCfg = Release|Any CPU
		{D7914D8C-DE5E-4E8A-A5C7-3E81FD0208E6}.Release (2002)|x86.ActiveCfg = Release|Any CPU
		{D7914D8C-DE5E-4E8A-A5C7-3E81FD0208E6}.Release (2003)|Any CPU.ActiveCfg = Release|Any CPU
		{D7914D8C-DE5E-4E8A-A5C7-3E81FD0208E6}.Release (2003)|Any CPU.Build.0 = Release|Any CPU
		{D7914D8C-DE5E-4E8A-A5C7-3E81FD0208E6}.Release (2003)|Mixed Platforms.ActiveCfg = Release|Any CPU
		{D7914D8C-DE5E-4E8A-A5C7-3E81FD0208E6}.Release (2003)|Mixed Platforms.Build.0 = Release|Any CPU
		{D7914D8C-DE5E-4E8A-A5C7-3E81FD0208E6}.Release (2003)|Win32.ActiveCfg = Release|Any CPU
		{D7914D8C-DE5E-4E8A-A5C7-3E81FD0208E6}.Release (2003)|Win32.Build.0 = Release|Any CPU
		{D7914D8C-DE5E-4E8A-A5C7-3E81FD0208E6}.Release (2003)|x64.ActiveCfg = Release|Any CPU
		{D7914D8C-DE5E-4E8A-A5C7-3E81FD0208E6}.Release (2003)|x86.ActiveCfg = Release|Any CPU
		{D7914D8C-DE5E-4E8A-A5C7-3E81FD0208E6}.Release|Any CPU.ActiveCfg = Release|Any CPU
		{D7914D8C-DE5E-4E8A-A5C7-3E81FD0208E6}.Release|Any CPU.Build.0 = Release|Any CPU
		{D7914D8C-DE5E-4E8A-A5C7-3E81FD0208E6}.Release|Mixed Platforms.ActiveCfg = Release|Any CPU
		{D7914D8C-DE5E-4E8A-A5C7-3E81FD0208E6}.Release|Mixed Platforms.Build.0 = Release|Any CPU
		{D7914D8C-DE5E-4E8A-A5C7-3E81FD0208E6}.Release|Win32.ActiveCfg = Release|Any CPU
		{D7914D8C-DE5E-4E8A-A5C7-3E81FD0208E6}.Release|Win32.Build.0 = Release|Any CPU
		{D7914D8C-DE5E-4E8A-A5C7-3E81FD0208E6}.Release|x64.ActiveCfg = Release|Any CPU
		{D7914D8C-DE5E-4E8A-A5C7-3E81FD0208E6}.Release|x86.ActiveCfg = Release|Any CPU
		{8912C798-8484-48FC-9880-366F9E58963B}.Debug|Any CPU.ActiveCfg = Debug|Any CPU
		{8912C798-8484-48FC-9880-366F9E58963B}.Debug|Any CPU.Build.0 = Debug|Any CPU
		{8912C798-8484-48FC-9880-366F9E58963B}.Debug|Mixed Platforms.ActiveCfg = Debug|Any CPU
		{8912C798-8484-48FC-9880-366F9E58963B}.Debug|Mixed Platforms.Build.0 = Debug|Any CPU
		{8912C798-8484-48FC-9880-366F9E58963B}.Debug|Win32.ActiveCfg = Debug|Any CPU
		{8912C798-8484-48FC-9880-366F9E58963B}.Debug|Win32.Build.0 = Debug|Any CPU
		{8912C798-8484-48FC-9880-366F9E58963B}.Debug|x64.ActiveCfg = Debug|Any CPU
		{8912C798-8484-48FC-9880-366F9E58963B}.Debug|x86.ActiveCfg = Debug|Any CPU
		{8912C798-8484-48FC-9880-366F9E58963B}.Release (2002)|Any CPU.ActiveCfg = Release|Any CPU
		{8912C798-8484-48FC-9880-366F9E58963B}.Release (2002)|Any CPU.Build.0 = Release|Any CPU
		{8912C798-8484-48FC-9880-366F9E58963B}.Release (2002)|Mixed Platforms.ActiveCfg = Release|Any CPU
		{8912C798-8484-48FC-9880-366F9E58963B}.Release (2002)|Mixed Platforms.Build.0 = Release|Any CPU
		{8912C798-8484-48FC-9880-366F9E58963B}.Release (2002)|Win32.ActiveCfg = Release|Any CPU
		{8912C798-8484-48FC-9880-366F9E58963B}.Release (2002)|Win32.Build.0 = Release|Any CPU
		{8912C798-8484-48FC-9880-366F9E58963B}.Release (2002)|x64.ActiveCfg = Release|Any CPU
		{8912C798-8484-48FC-9880-366F9E58963B}.Release (2002)|x86.ActiveCfg = Release|Any CPU
		{8912C798-8484-48FC-9880-366F9E58963B}.Release (2003)|Any CPU.ActiveCfg = Release|Any CPU
		{8912C798-8484-48FC-9880-366F9E58963B}.Release (2003)|Any CPU.Build.0 = Release|Any CPU
		{8912C798-8484-48FC-9880-366F9E58963B}.Release (2003)|Mixed Platforms.ActiveCfg = Release|Any CPU
		{8912C798-8484-48FC-9880-366F9E58963B}.Release (2003)|Mixed Platforms.Build.0 = Release|Any CPU
		{8912C798-8484-48FC-9880-366F9E58963B}.Release (2003)|Win32.ActiveCfg = Release|Any CPU
		{8912C798-8484-48FC-9880-366F9E58963B}.Release (2003)|Win32.Build.0 = Release|Any CPU
		{8912C798-8484-48FC-9880-366F9E58963B}.Release (2003)|x64.ActiveCfg = Release|Any CPU
		{8912C798-8484-48FC-9880-366F9E58963B}.Release (2003)|x86.ActiveCfg = Release|Any CPU
		{8912C798-8484-48FC-9880-366F9E58963B}.Release|Any CPU.ActiveCfg = Release|Any CPU
		{8912C798-8484-48FC-9880-366F9E58963B}.Release|Any CPU.Build.0 = Release|Any CPU
		{8912C798-8484-48FC-9880-366F9E58963B}.Release|Mixed Platforms.ActiveCfg = Release|Any CPU
		{8912C798-8484-48FC-9880-366F9E58963B}.Release|Mixed Platforms.Build.0 = Release|Any CPU
		{8912C798-8484-48FC-9880-366F9E58963B}.Release|Win32.ActiveCfg = Release|Any CPU
		{8912C798-8484-48FC-9880-366F9E58963B}.Release|Win32.Build.0 = Release|Any CPU
		{8912C798-8484-48FC-9880-366F9E58963B}.Release|x64.ActiveCfg = Release|Any CPU
		{8912C798-8484-48FC-9880-366F9E58963B}.Release|x86.ActiveCfg = Release|Any CPU
		{B8AD7562-5965-4FB7-8605-93E77ACDAFB1}.Debug|Any CPU.ActiveCfg = Debug|Any CPU
		{B8AD7562-5965-4FB7-8605-93E77ACDAFB1}.Debug|Any CPU.Build.0 = Debug|Any CPU
		{B8AD7562-5965-4FB7-8605-93E77ACDAFB1}.Debug|Mixed Platforms.ActiveCfg = Debug|Any CPU
		{B8AD7562-5965-4FB7-8605-93E77ACDAFB1}.Debug|Mixed Platforms.Build.0 = Debug|Any CPU
		{B8AD7562-5965-4FB7-8605-93E77ACDAFB1}.Debug|Win32.ActiveCfg = Debug|Any CPU
		{B8AD7562-5965-4FB7-8605-93E77ACDAFB1}.Debug|Win32.Build.0 = Debug|Any CPU
		{B8AD7562-5965-4FB7-8605-93E77ACDAFB1}.Debug|x64.ActiveCfg = Debug|Any CPU
		{B8AD7562-5965-4FB7-8605-93E77ACDAFB1}.Debug|x64.Build.0 = Debug|Any CPU
		{B8AD7562-5965-4FB7-8605-93E77ACDAFB1}.Debug|x86.ActiveCfg = Debug|Any CPU
		{B8AD7562-5965-4FB7-8605-93E77ACDAFB1}.Debug|x86.Build.0 = Debug|Any CPU
		{B8AD7562-5965-4FB7-8605-93E77ACDAFB1}.Release (2002)|Any CPU.ActiveCfg = Release|Any CPU
		{B8AD7562-5965-4FB7-8605-93E77ACDAFB1}.Release (2002)|Any CPU.Build.0 = Release|Any CPU
		{B8AD7562-5965-4FB7-8605-93E77ACDAFB1}.Release (2002)|Mixed Platforms.ActiveCfg = Release|Any CPU
		{B8AD7562-5965-4FB7-8605-93E77ACDAFB1}.Release (2002)|Mixed Platforms.Build.0 = Release|Any CPU
		{B8AD7562-5965-4FB7-8605-93E77ACDAFB1}.Release (2002)|Win32.ActiveCfg = Release|Any CPU
		{B8AD7562-5965-4FB7-8605-93E77ACDAFB1}.Release (2002)|Win32.Build.0 = Release|Any CPU
		{B8AD7562-5965-4FB7-8605-93E77ACDAFB1}.Release (2002)|x64.ActiveCfg = Release|Any CPU
		{B8AD7562-5965-4FB7-8605-93E77ACDAFB1}.Release (2002)|x64.Build.0 = Release|Any CPU
		{B8AD7562-5965-4FB7-8605-93E77ACDAFB1}.Release (2002)|x86.ActiveCfg = Release|Any CPU
		{B8AD7562-5965-4FB7-8605-93E77ACDAFB1}.Release (2002)|x86.Build.0 = Release|Any CPU
		{B8AD7562-5965-4FB7-8605-93E77ACDAFB1}.Release (2003)|Any CPU.ActiveCfg = Release|Any CPU
		{B8AD7562-5965-4FB7-8605-93E77ACDAFB1}.Release (2003)|Any CPU.Build.0 = Release|Any CPU
		{B8AD7562-5965-4FB7-8605-93E77ACDAFB1}.Release (2003)|Mixed Platforms.ActiveCfg = Release|Any CPU
		{B8AD7562-5965-4FB7-8605-93E77ACDAFB1}.Release (2003)|Mixed Platforms.Build.0 = Release|Any CPU
		{B8AD7562-5965-4FB7-8605-93E77ACDAFB1}.Release (2003)|Win32.ActiveCfg = Release|Any CPU
		{B8AD7562-5965-4FB7-8605-93E77ACDAFB1}.Release (2003)|Win32.Build.0 = Release|Any CPU
		{B8AD7562-5965-4FB7-8605-93E77ACDAFB1}.Release (2003)|x64.ActiveCfg = Release|Any CPU
		{B8AD7562-5965-4FB7-8605-93E77ACDAFB1}.Release (2003)|x64.Build.0 = Release|Any CPU
		{B8AD7562-5965-4FB7-8605-93E77ACDAFB1}.Release (2003)|x86.ActiveCfg = Release|Any CPU
		{B8AD7562-5965-4FB7-8605-93E77ACDAFB1}.Release (2003)|x86.Build.0 = Release|Any CPU
		{B8AD7562-5965-4FB7-8605-93E77ACDAFB1}.Release|Any CPU.ActiveCfg = Release|Any CPU
		{B8AD7562-5965-4FB7-8605-93E77ACDAFB1}.Release|Any CPU.Build.0 = Release|Any CPU
		{B8AD7562-5965-4FB7-8605-93E77ACDAFB1}.Release|Mixed Platforms.ActiveCfg = Release|Any CPU
		{B8AD7562-5965-4FB7-8605-93E77ACDAFB1}.Release|Mixed Platforms.Build.0 = Release|Any CPU
		{B8AD7562-5965-4FB7-8605-93E77ACDAFB1}.Release|Win32.ActiveCfg = Release|Any CPU
		{B8AD7562-5965-4FB7-8605-93E77ACDAFB1}.Release|Win32.Build.0 = Release|Any CPU
		{B8AD7562-5965-4FB7-8605-93E77ACDAFB1}.Release|x64.ActiveCfg = Release|Any CPU
		{B8AD7562-5965-4FB7-8605-93E77ACDAFB1}.Release|x64.Build.0 = Release|Any CPU
		{B8AD7562-5965-4FB7-8605-93E77ACDAFB1}.Release|x86.ActiveCfg = Release|Any CPU
		{B8AD7562-5965-4FB7-8605-93E77ACDAFB1}.Release|x86.Build.0 = Release|Any CPU
		{E96D6053-8284-4221-B850-196A0E3C4E42}.Debug|Any CPU.ActiveCfg = Debug|Any CPU
		{E96D6053-8284-4221-B850-196A0E3C4E42}.Debug|Any CPU.Build.0 = Debug|Any CPU
		{E96D6053-8284-4221-B850-196A0E3C4E42}.Debug|Mixed Platforms.ActiveCfg = Debug|Any CPU
		{E96D6053-8284-4221-B850-196A0E3C4E42}.Debug|Mixed Platforms.Build.0 = Debug|Any CPU
		{E96D6053-8284-4221-B850-196A0E3C4E42}.Debug|Win32.ActiveCfg = Debug|Any CPU
		{E96D6053-8284-4221-B850-196A0E3C4E42}.Debug|Win32.Build.0 = Debug|Any CPU
		{E96D6053-8284-4221-B850-196A0E3C4E42}.Debug|x64.ActiveCfg = Debug|Any CPU
		{E96D6053-8284-4221-B850-196A0E3C4E42}.Debug|x64.Build.0 = Debug|Any CPU
		{E96D6053-8284-4221-B850-196A0E3C4E42}.Debug|x86.ActiveCfg = Debug|Any CPU
		{E96D6053-8284-4221-B850-196A0E3C4E42}.Debug|x86.Build.0 = Debug|Any CPU
		{E96D6053-8284-4221-B850-196A0E3C4E42}.Release (2002)|Any CPU.ActiveCfg = Release|Any CPU
		{E96D6053-8284-4221-B850-196A0E3C4E42}.Release (2002)|Any CPU.Build.0 = Release|Any CPU
		{E96D6053-8284-4221-B850-196A0E3C4E42}.Release (2002)|Mixed Platforms.ActiveCfg = Release|Any CPU
		{E96D6053-8284-4221-B850-196A0E3C4E42}.Release (2002)|Mixed Platforms.Build.0 = Release|Any CPU
		{E96D6053-8284-4221-B850-196A0E3C4E42}.Release (2002)|Win32.ActiveCfg = Release|Any CPU
		{E96D6053-8284-4221-B850-196A0E3C4E42}.Release (2002)|Win32.Build.0 = Release|Any CPU
		{E96D6053-8284-4221-B850-196A0E3C4E42}.Release (2002)|x64.ActiveCfg = Release|Any CPU
		{E96D6053-8284-4221-B850-196A0E3C4E42}.Release (2002)|x64.Build.0 = Release|Any CPU
		{E96D6053-8284-4221-B850-196A0E3C4E42}.Release (2002)|x86.ActiveCfg = Release|Any CPU
		{E96D6053-8284-4221-B850-196A0E3C4E42}.Release (2002)|x86.Build.0 = Release|Any CPU
		{E96D6053-8284-4221-B850-196A0E3C4E42}.Release (2003)|Any CPU.ActiveCfg = Release|Any CPU
		{E96D6053-8284-4221-B850-196A0E3C4E42}.Release (2003)|Any CPU.Build.0 = Release|Any CPU
		{E96D6053-8284-4221-B850-196A0E3C4E42}.Release (2003)|Mixed Platforms.ActiveCfg = Release|Any CPU
		{E96D6053-8284-4221-B850-196A0E3C4E42}.Release (2003)|Mixed Platforms.Build.0 = Release|Any CPU
		{E96D6053-8284-4221-B850-196A0E3C4E42}.Release (2003)|Win32.ActiveCfg = Release|Any CPU
		{E96D6053-8284-4221-B850-196A0E3C4E42}.Release (2003)|Win32.Build.0 = Release|Any CPU
		{E96D6053-8284-4221-B850-196A0E3C4E42}.Release (2003)|x64.ActiveCfg = Release|Any CPU
		{E96D6053-8284-4221-B850-196A0E3C4E42}.Release (2003)|x64.Build.0 = Release|Any CPU
		{E96D6053-8284-4221-B850-196A0E3C4E42}.Release (2003)|x86.ActiveCfg = Release|Any CPU
		{E96D6053-8284-4221-B850-196A0E3C4E42}.Release (2003)|x86.Build.0 = Release|Any CPU
		{E96D6053-8284-4221-B850-196A0E3C4E42}.Release|Any CPU.ActiveCfg = Release|Any CPU
		{E96D6053-8284-4221-B850-196A0E3C4E42}.Release|Any CPU.Build.0 = Release|Any CPU
		{E96D6053-8284-4221-B850-196A0E3C4E42}.Release|Mixed Platforms.ActiveCfg = Release|Any CPU
		{E96D6053-8284-4221-B850-196A0E3C4E42}.Release|Mixed Platforms.Build.0 = Release|Any CPU
		{E96D6053-8284-4221-B850-196A0E3C4E42}.Release|Win32.ActiveCfg = Release|Any CPU
		{E96D6053-8284-4221-B850-196A0E3C4E42}.Release|Win32.Build.0 = Release|Any CPU
		{E96D6053-8284-4221-B850-196A0E3C4E42}.Release|x64.ActiveCfg = Release|Any CPU
		{E96D6053-8284-4221-B850-196A0E3C4E42}.Release|x64.Build.0 = Release|Any CPU
		{E96D6053-8284-4221-B850-196A0E3C4E42}.Release|x86.ActiveCfg = Release|Any CPU
		{E96D6053-8284-4221-B850-196A0E3C4E42}.Release|x86.Build.0 = Release|Any CPU
		{4D8F822E-5479-40A3-88FF-E217BFFA3605}.Debug|Any CPU.ActiveCfg = Debug|Any CPU
		{4D8F822E-5479-40A3-88FF-E217BFFA3605}.Debug|Any CPU.Build.0 = Debug|Any CPU
		{4D8F822E-5479-40A3-88FF-E217BFFA3605}.Debug|Mixed Platforms.ActiveCfg = Debug|Any CPU
		{4D8F822E-5479-40A3-88FF-E217BFFA3605}.Debug|Mixed Platforms.Build.0 = Debug|Any CPU
		{4D8F822E-5479-40A3-88FF-E217BFFA3605}.Debug|Win32.ActiveCfg = Debug|Any CPU
		{4D8F822E-5479-40A3-88FF-E217BFFA3605}.Debug|Win32.Build.0 = Debug|Any CPU
		{4D8F822E-5479-40A3-88FF-E217BFFA3605}.Debug|x64.ActiveCfg = Debug|Any CPU
		{4D8F822E-5479-40A3-88FF-E217BFFA3605}.Debug|x64.Build.0 = Debug|Any CPU
		{4D8F822E-5479-40A3-88FF-E217BFFA3605}.Debug|x86.ActiveCfg = Debug|Any CPU
		{4D8F822E-5479-40A3-88FF-E217BFFA3605}.Debug|x86.Build.0 = Debug|Any CPU
		{4D8F822E-5479-40A3-88FF-E217BFFA3605}.Release (2002)|Any CPU.ActiveCfg = Release|Any CPU
		{4D8F822E-5479-40A3-88FF-E217BFFA3605}.Release (2002)|Any CPU.Build.0 = Release|Any CPU
		{4D8F822E-5479-40A3-88FF-E217BFFA3605}.Release (2002)|Mixed Platforms.ActiveCfg = Release|Any CPU
		{4D8F822E-5479-40A3-88FF-E217BFFA3605}.Release (2002)|Mixed Platforms.Build.0 = Release|Any CPU
		{4D8F822E-5479-40A3-88FF-E217BFFA3605}.Release (2002)|Win32.ActiveCfg = Release|Any CPU
		{4D8F822E-5479-40A3-88FF-E217BFFA3605}.Release (2002)|Win32.Build.0 = Release|Any CPU
		{4D8F822E-5479-40A3-88FF-E217BFFA3605}.Release (2002)|x64.ActiveCfg = Release|Any CPU
		{4D8F822E-5479-40A3-88FF-E217BFFA3605}.Release (2002)|x64.Build.0 = Release|Any CPU
		{4D8F822E-5479-40A3-88FF-E217BFFA3605}.Release (2002)|x86.ActiveCfg = Release|Any CPU
		{4D8F822E-5479-40A3-88FF-E217BFFA3605}.Release (2002)|x86.Build.0 = Release|Any CPU
		{4D8F822E-5479-40A3-88FF-E217BFFA3605}.Release (2003)|Any CPU.ActiveCfg = Release|Any CPU
		{4D8F822E-5479-40A3-88FF-E217BFFA3605}.Release (2003)|Any CPU.Build.0 = Release|Any CPU
		{4D8F822E-5479-40A3-88FF-E217BFFA3605}.Release (2003)|Mixed Platforms.ActiveCfg = Release|Any CPU
		{4D8F822E-5479-40A3-88FF-E217BFFA3605}.Release (2003)|Mixed Platforms.Build.0 = Release|Any CPU
		{4D8F822E-5479-40A3-88FF-E217BFFA3605}.Release (2003)|Win32.ActiveCfg = Release|Any CPU
		{4D8F822E-5479-40A3-88FF-E217BFFA3605}.Release (2003)|Win32.Build.0 = Release|Any CPU
		{4D8F822E-5479-40A3-88FF-E217BFFA3605}.Release (2003)|x64.ActiveCfg = Release|Any CPU
		{4D8F822E-5479-40A3-88FF-E217BFFA3605}.Release (2003)|x64.Build.0 = Release|Any CPU
		{4D8F822E-5479-40A3-88FF-E217BFFA3605}.Release (2003)|x86.ActiveCfg = Release|Any CPU
		{4D8F822E-5479-40A3-88FF-E217BFFA3605}.Release (2003)|x86.Build.0 = Release|Any CPU
		{4D8F822E-5479-40A3-88FF-E217BFFA3605}.Release|Any CPU.ActiveCfg = Release|Any CPU
		{4D8F822E-5479-40A3-88FF-E217BFFA3605}.Release|Any CPU.Build.0 = Release|Any CPU
		{4D8F822E-5479-40A3-88FF-E217BFFA3605}.Release|Mixed Platforms.ActiveCfg = Release|Any CPU
		{4D8F822E-5479-40A3-88FF-E217BFFA3605}.Release|Mixed Platforms.Build.0 = Release|Any CPU
		{4D8F822E-5479-40A3-88FF-E217BFFA3605}.Release|Win32.ActiveCfg = Release|Any CPU
		{4D8F822E-5479-40A3-88FF-E217BFFA3605}.Release|Win32.Build.0 = Release|Any CPU
		{4D8F822E-5479-40A3-88FF-E217BFFA3605}.Release|x64.ActiveCfg = Release|Any CPU
		{4D8F822E-5479-40A3-88FF-E217BFFA3605}.Release|x64.Build.0 = Release|Any CPU
		{4D8F822E-5479-40A3-88FF-E217BFFA3605}.Release|x86.ActiveCfg = Release|Any CPU
		{4D8F822E-5479-40A3-88FF-E217BFFA3605}.Release|x86.Build.0 = Release|Any CPU
		{10FD5882-1C8B-4254-9A53-A1337F580A7E}.Debug|Any CPU.ActiveCfg = Debug|Any CPU
		{10FD5882-1C8B-4254-9A53-A1337F580A7E}.Debug|Any CPU.Build.0 = Debug|Any CPU
		{10FD5882-1C8B-4254-9A53-A1337F580A7E}.Debug|Mixed Platforms.ActiveCfg = Debug|Any CPU
		{10FD5882-1C8B-4254-9A53-A1337F580A7E}.Debug|Mixed Platforms.Build.0 = Debug|Any CPU
		{10FD5882-1C8B-4254-9A53-A1337F580A7E}.Debug|Win32.ActiveCfg = Debug|Any CPU
		{10FD5882-1C8B-4254-9A53-A1337F580A7E}.Debug|Win32.Build.0 = Debug|Any CPU
		{10FD5882-1C8B-4254-9A53-A1337F580A7E}.Debug|x64.ActiveCfg = Debug|Any CPU
		{10FD5882-1C8B-4254-9A53-A1337F580A7E}.Debug|x64.Build.0 = Debug|Any CPU
		{10FD5882-1C8B-4254-9A53-A1337F580A7E}.Debug|x86.ActiveCfg = Debug|Any CPU
		{10FD5882-1C8B-4254-9A53-A1337F580A7E}.Debug|x86.Build.0 = Debug|Any CPU
		{10FD5882-1C8B-4254-9A53-A1337F580A7E}.Release (2002)|Any CPU.ActiveCfg = Release|Any CPU
		{10FD5882-1C8B-4254-9A53-A1337F580A7E}.Release (2002)|Any CPU.Build.0 = Release|Any CPU
		{10FD5882-1C8B-4254-9A53-A1337F580A7E}.Release (2002)|Mixed Platforms.ActiveCfg = Release|Any CPU
		{10FD5882-1C8B-4254-9A53-A1337F580A7E}.Release (2002)|Mixed Platforms.Build.0 = Release|Any CPU
		{10FD5882-1C8B-4254-9A53-A1337F580A7E}.Release (2002)|Win32.ActiveCfg = Release|Any CPU
		{10FD5882-1C8B-4254-9A53-A1337F580A7E}.Release (2002)|Win32.Build.0 = Release|Any CPU
		{10FD5882-1C8B-4254-9A53-A1337F580A7E}.Release (2002)|x64.ActiveCfg = Release|Any CPU
		{10FD5882-1C8B-4254-9A53-A1337F580A7E}.Release (2002)|x64.Build.0 = Release|Any CPU
		{10FD5882-1C8B-4254-9A53-A1337F580A7E}.Release (2002)|x86.ActiveCfg = Release|Any CPU
		{10FD5882-1C8B-4254-9A53-A1337F580A7E}.Release (2002)|x86.Build.0 = Release|Any CPU
		{10FD5882-1C8B-4254-9A53-A1337F580A7E}.Release (2003)|Any CPU.ActiveCfg = Release|Any CPU
		{10FD5882-1C8B-4254-9A53-A1337F580A7E}.Release (2003)|Any CPU.Build.0 = Release|Any CPU
		{10FD5882-1C8B-4254-9A53-A1337F580A7E}.Release (2003)|Mixed Platforms.ActiveCfg = Release|Any CPU
		{10FD5882-1C8B-4254-9A53-A1337F580A7E}.Release (2003)|Mixed Platforms.Build.0 = Release|Any CPU
		{10FD5882-1C8B-4254-9A53-A1337F580A7E}.Release (2003)|Win32.ActiveCfg = Release|Any CPU
		{10FD5882-1C8B-4254-9A53-A1337F580A7E}.Release (2003)|Win32.Build.0 = Release|Any CPU
		{10FD5882-1C8B-4254-9A53-A1337F580A7E}.Release (2003)|x64.ActiveCfg = Release|Any CPU
		{10FD5882-1C8B-4254-9A53-A1337F580A7E}.Release (2003)|x64.Build.0 = Release|Any CPU
		{10FD5882-1C8B-4254-9A53-A1337F580A7E}.Release (2003)|x86.ActiveCfg = Release|Any CPU
		{10FD5882-1C8B-4254-9A53-A1337F580A7E}.Release (2003)|x86.Build.0 = Release|Any CPU
		{10FD5882-1C8B-4254-9A53-A1337F580A7E}.Release|Any CPU.ActiveCfg = Release|Any CPU
		{10FD5882-1C8B-4254-9A53-A1337F580A7E}.Release|Any CPU.Build.0 = Release|Any CPU
		{10FD5882-1C8B-4254-9A53-A1337F580A7E}.Release|Mixed Platforms.ActiveCfg = Release|Any CPU
		{10FD5882-1C8B-4254-9A53-A1337F580A7E}.Release|Mixed Platforms.Build.0 = Release|Any CPU
		{10FD5882-1C8B-4254-9A53-A1337F580A7E}.Release|Win32.ActiveCfg = Release|Any CPU
		{10FD5882-1C8B-4254-9A53-A1337F580A7E}.Release|Win32.Build.0 = Release|Any CPU
		{10FD5882-1C8B-4254-9A53-A1337F580A7E}.Release|x64.ActiveCfg = Release|Any CPU
		{10FD5882-1C8B-4254-9A53-A1337F580A7E}.Release|x64.Build.0 = Release|Any CPU
		{10FD5882-1C8B-4254-9A53-A1337F580A7E}.Release|x86.ActiveCfg = Release|Any CPU
		{10FD5882-1C8B-4254-9A53-A1337F580A7E}.Release|x86.Build.0 = Release|Any CPU
		{919E757B-5472-46E3-98F1-FA6CD662FD76}.Debug|Any CPU.ActiveCfg = Debug|Any CPU
		{919E757B-5472-46E3-98F1-FA6CD662FD76}.Debug|Any CPU.Build.0 = Debug|Any CPU
		{919E757B-5472-46E3-98F1-FA6CD662FD76}.Debug|Mixed Platforms.ActiveCfg = Debug|Any CPU
		{919E757B-5472-46E3-98F1-FA6CD662FD76}.Debug|Mixed Platforms.Build.0 = Debug|Any CPU
		{919E757B-5472-46E3-98F1-FA6CD662FD76}.Debug|Win32.ActiveCfg = Debug|Any CPU
		{919E757B-5472-46E3-98F1-FA6CD662FD76}.Debug|Win32.Build.0 = Debug|Any CPU
		{919E757B-5472-46E3-98F1-FA6CD662FD76}.Debug|x64.ActiveCfg = Debug|Any CPU
		{919E757B-5472-46E3-98F1-FA6CD662FD76}.Debug|x64.Build.0 = Debug|Any CPU
		{919E757B-5472-46E3-98F1-FA6CD662FD76}.Debug|x86.ActiveCfg = Debug|Any CPU
		{919E757B-5472-46E3-98F1-FA6CD662FD76}.Debug|x86.Build.0 = Debug|Any CPU
		{919E757B-5472-46E3-98F1-FA6CD662FD76}.Release (2002)|Any CPU.ActiveCfg = Release|Any CPU
		{919E757B-5472-46E3-98F1-FA6CD662FD76}.Release (2002)|Any CPU.Build.0 = Release|Any CPU
		{919E757B-5472-46E3-98F1-FA6CD662FD76}.Release (2002)|Mixed Platforms.ActiveCfg = Release|Any CPU
		{919E757B-5472-46E3-98F1-FA6CD662FD76}.Release (2002)|Mixed Platforms.Build.0 = Release|Any CPU
		{919E757B-5472-46E3-98F1-FA6CD662FD76}.Release (2002)|Win32.ActiveCfg = Release|Any CPU
		{919E757B-5472-46E3-98F1-FA6CD662FD76}.Release (2002)|Win32.Build.0 = Release|Any CPU
		{919E757B-5472-46E3-98F1-FA6CD662FD76}.Release (2002)|x64.ActiveCfg = Release|Any CPU
		{919E757B-5472-46E3-98F1-FA6CD662FD76}.Release (2002)|x64.Build.0 = Release|Any CPU
		{919E757B-5472-46E3-98F1-FA6CD662FD76}.Release (2002)|x86.ActiveCfg = Release|Any CPU
		{919E757B-5472-46E3-98F1-FA6CD662FD76}.Release (2002)|x86.Build.0 = Release|Any CPU
		{919E757B-5472-46E3-98F1-FA6CD662FD76}.Release (2003)|Any CPU.ActiveCfg = Release|Any CPU
		{919E757B-5472-46E3-98F1-FA6CD662FD76}.Release (2003)|Any CPU.Build.0 = Release|Any CPU
		{919E757B-5472-46E3-98F1-FA6CD662FD76}.Release (2003)|Mixed Platforms.ActiveCfg = Release|Any CPU
		{919E757B-5472-46E3-98F1-FA6CD662FD76}.Release (2003)|Mixed Platforms.Build.0 = Release|Any CPU
		{919E757B-5472-46E3-98F1-FA6CD662FD76}.Release (2003)|Win32.ActiveCfg = Release|Any CPU
		{919E757B-5472-46E3-98F1-FA6CD662FD76}.Release (2003)|Win32.Build.0 = Release|Any CPU
		{919E757B-5472-46E3-98F1-FA6CD662FD76}.Release (2003)|x64.ActiveCfg = Release|Any CPU
		{919E757B-5472-46E3-98F1-FA6CD662FD76}.Release (2003)|x64.Build.0 = Release|Any CPU
		{919E757B-5472-46E3-98F1-FA6CD662FD76}.Release (2003)|x86.ActiveCfg = Release|Any CPU
		{919E757B-5472-46E3-98F1-FA6CD662FD76}.Release (2003)|x86.Build.0 = Release|Any CPU
		{919E757B-5472-46E3-98F1-FA6CD662FD76}.Release|Any CPU.ActiveCfg = Release|Any CPU
		{919E757B-5472-46E3-98F1-FA6CD662FD76}.Release|Any CPU.Build.0 = Release|Any CPU
		{919E757B-5472-46E3-98F1-FA6CD662FD76}.Release|Mixed Platforms.ActiveCfg = Release|Any CPU
		{919E757B-5472-46E3-98F1-FA6CD662FD76}.Release|Mixed Platforms.Build.0 = Release|Any CPU
		{919E757B-5472-46E3-98F1-FA6CD662FD76}.Release|Win32.ActiveCfg = Release|Any CPU
		{919E757B-5472-46E3-98F1-FA6CD662FD76}.Release|Win32.Build.0 = Release|Any CPU
		{919E757B-5472-46E3-98F1-FA6CD662FD76}.Release|x64.ActiveCfg = Release|Any CPU
		{919E757B-5472-46E3-98F1-FA6CD662FD76}.Release|x64.Build.0 = Release|Any CPU
		{919E757B-5472-46E3-98F1-FA6CD662FD76}.Release|x86.ActiveCfg = Release|Any CPU
		{919E757B-5472-46E3-98F1-FA6CD662FD76}.Release|x86.Build.0 = Release|Any CPU
	EndGlobalSection
	GlobalSection(SolutionProperties) = preSolution
		HideSolutionNode = FALSE
	EndGlobalSection
EndGlobal
